
Microsoft Visual Studio Solution File, Format Version 12.00
# Visual Studio Version 17
VisualStudioVersion = 17.0.32014.148
MinimumVisualStudioVersion = 10.0.40219.1
Project("{FAE04EC0-301F-11D3-BF4B-00C04F79EFBC}") = "ENTITIES", "ENTITIES\ENTITIES.csproj", "{1491C313-3D28-4114-9B3A-4BEB29C3FA9F}"
EndProject
Project("{FAE04EC0-301F-11D3-BF4B-00C04F79EFBC}") = "DATAACCESS", "DATAACCESS\DATAACCESS.csproj", "{5D07163D-E692-485A-9FCC-7E70E4559B18}"
EndProject
Global
	GlobalSection(SolutionConfigurationPlatforms) = preSolution
		Debug|Any CPU = Debug|Any CPU
		Release|Any CPU = Release|Any CPU
	EndGlobalSection
	GlobalSection(ProjectConfigurationPlatforms) = postSolution
		{1491C313-3D28-4114-9B3A-4BEB29C3FA9F}.Debug|Any CPU.ActiveCfg = Debug|Any CPU
		{1491C313-3D28-4114-9B3A-4BEB29C3FA9F}.Debug|Any CPU.Build.0 = Debug|Any CPU
		{1491C313-3D28-4114-9B3A-4BEB29C3FA9F}.Release|Any CPU.ActiveCfg = Release|Any CPU
		{1491C313-3D28-4114-9B3A-4BEB29C3FA9F}.Release|Any CPU.Build.0 = Release|Any CPU
		{5D07163D-E692-485A-9FCC-7E70E4559B18}.Debug|Any CPU.ActiveCfg = Debug|Any CPU
		{5D07163D-E692-485A-9FCC-7E70E4559B18}.Debug|Any CPU.Build.0 = Debug|Any CPU
		{5D07163D-E692-485A-9FCC-7E70E4559B18}.Release|Any CPU.ActiveCfg = Release|Any CPU
		{5D07163D-E692-485A-9FCC-7E70E4559B18}.Release|Any CPU.Build.0 = Release|Any CPU
	EndGlobalSection
	GlobalSection(SolutionProperties) = preSolution
		HideSolutionNode = FALSE
	EndGlobalSection
	GlobalSection(ExtensibilityGlobals) = postSolution
		SolutionGuid = {417A2330-9990-4645-9884-886DE0D59F55}
	EndGlobalSection
EndGlobal
